<?xml version="1.0" encoding="utf-8"?>
<Project ToolsVersion="4.0" xmlns="http://schemas.microsoft.com/developer/msbuild/2003">
  <ItemGroup>
    <Filter Include="Source Files">
      <UniqueIdentifier>{4FC737F1-C7A5-4376-A066-2A32D752A2FF}</UniqueIdentifier>
      <Extensions>cpp;c;cc;cxx;c++;cppm;ixx;def;odl;idl;hpj;bat;asm;asmx</Extensions>
    </Filter>
    <Filter Include="Header Files">
      <UniqueIdentifier>{93995380-89BD-4b04-88EB-625FBE52EBFB}</UniqueIdentifier>
      <Extensions>h;hh;hpp;hxx;h++;hm;inl;inc;ipp;xsd</Extensions>
    </Filter>
    <Filter Include="Resource Files">
      <UniqueIdentifier>{67DA6AB6-F800-4c08-8B7A-83BB121AAD01}</UniqueIdentifier>
      <Extensions>rc;ico;cur;bmp;dlg;rc2;rct;bin;rgs;gif;jpg;jpeg;jpe;resx;tiff;tif;png;wav;mfcribbon-ms</Extensions>
    </Filter>
  </ItemGroup>
  <ItemGroup>
    <ClCompile Include="..\ds\DS_Project\DS_Project\CancelEvent.cpp">
      <Filter>Source Files</Filter>
    </ClCompile>
    <ClCompile Include="..\ds\DS_Project\DS_Project\Cargo.cpp">
      <Filter>Source Files</Filter>
    </ClCompile>
    <ClCompile Include="..\ds\DS_Project\DS_Project\Company.cpp">
      <Filter>Source Files</Filter>
    </ClCompile>
    <ClCompile Include="..\ds\DS_Project\DS_Project\Event.cpp">
      <Filter>Source Files</Filter>
    </ClCompile>
    <ClCompile Include="..\ds\DS_Project\DS_Project\main.cpp">
      <Filter>Source Files</Filter>
    </ClCompile>
    <ClCompile Include="..\ds\DS_Project\DS_Project\PreparationEvent.cpp">
      <Filter>Source Files</Filter>
    </ClCompile>
    <ClCompile Include="..\ds\DS_Project\DS_Project\PromotionEvent.cpp">
      <Filter>Source Files</Filter>
    </ClCompile>
    <ClCompile Include="..\ds\DS_Project\DS_Project\Time.cpp">
      <Filter>Source Files</Filter>
    </ClCompile>
    <ClCompile Include="..\ds\DS_Project\DS_Project\Truck.cpp">
      <Filter>Source Files</Filter>
    </ClCompile>
    <ClCompile Include="..\ds\DS_Project\DS_Project\UI.cpp">
      <Filter>Source Files</Filter>
    </ClCompile>
  </ItemGroup>
  <ItemGroup>
    <ClInclude Include="..\ds\DS_Project\DS_Project\CancelEvent.h">
      <Filter>Header Files</Filter>
    </ClInclude>
    <ClInclude Include="..\ds\DS_Project\DS_Project\Cargo.h">
      <Filter>Header Files</Filter>
    </ClInclude>
    <ClInclude Include="..\ds\DS_Project\DS_Project\Company.h">
      <Filter>Header Files</Filter>
    </ClInclude>
    <ClInclude Include="..\ds\DS_Project\DS_Project\Event.h">
      <Filter>Header Files</Filter>
    </ClInclude>
    <ClInclude Include="..\ds\DS_Project\DS_Project\LinkedList.h">
      <Filter>Header Files</Filter>
    </ClInclude>
    <ClInclude Include="..\ds\DS_Project\DS_Project\Node.h">
      <Filter>Header Files</Filter>
    </ClInclude>
    <ClInclude Include="..\ds\DS_Project\DS_Project\PreparationEvent.h">
      <Filter>Header Files</Filter>
    </ClInclude>
    <ClInclude Include="..\ds\DS_Project\DS_Project\PriorityQueue.h">
      <Filter>Header Files</Filter>
    </ClInclude>
    <ClInclude Include="..\ds\DS_Project\DS_Project\PromotionEvent.h">
      <Filter>Header Files</Filter>
    </ClInclude>
    <ClInclude Include="..\ds\DS_Project\DS_Project\Queue.h">
      <Filter>Header Files</Filter>
    </ClInclude>
    <ClInclude Include="..\ds\DS_Project\DS_Project\Time.h">
      <Filter>Header Files</Filter>
    </ClInclude>
    <ClInclude Include="..\ds\DS_Project\DS_Project\Truck.h">
      <Filter>Header Files</Filter>
    </ClInclude>
    <ClInclude Include="..\ds\DS_Project\DS_Project\UI.h">
      <Filter>Header Files</Filter>
    </ClInclude>
  </ItemGroup>
  <ItemGroup>
    <Text Include="..\ds\DS_Project\DS_Project\testcase1.txt" />
    <Text Include="..\ds\DS_Project\DS_Project\testcase2.txt" />
    <Text Include="..\ds\DS_Project\DS_Project\testcase3.txt" />
    <Text Include="OutputFile.txt" />
  </ItemGroup>
</Project>